# THIS IS AN AUTOGENERATED FILE. DO NOT EDIT THIS FILE DIRECTLY.
# yarn lockfile v1


binpack@~0:
  version "0.1.0"
  resolved "https://registry.yarnpkg.com/binpack/-/binpack-0.1.0.tgz#bd3d0974c3f2a0446e17df4f60b55a72a205a97e"
  integrity sha1-vT0JdMPyoERuF99PYLVacqIFqX4=

jspack@0.0.4:
  version "0.0.4"
  resolved "https://registry.yarnpkg.com/jspack/-/jspack-0.0.4.tgz#32dd35c7fdcb3e3456c18fbb7ef9ed0bc6238177"
  integrity sha1-Mt01x/3LPjRWwY+7fvntC8YjgXc=

node-osc@^4.1.4:
  version "4.1.4"
  resolved "https://registry.yarnpkg.com/node-osc/-/node-osc-4.1.4.tgz#27285014c56428bbc6bbb8aaad20b8be74cc42af"
  integrity sha512-qGrtIHXX1oR+m+H9jZdkuJoT324WoDXQpuKtZGVbn9+O+1zZRg64SImQBtW1vvrTZKpFu7m6gq4P+Y5OS8Zn/w==
  dependencies:
    jspack "0.0.4"
    osc-min "^1.1.1"

osc-min@^1.1.1:
  version "1.1.2"
  resolved "https://registry.yarnpkg.com/osc-min/-/osc-min-1.1.2.tgz#3dcaff10f804c39b7080cf4c10fd7a4103cd9037"
  integrity sha512-8DbiO8ME85R75stgNVCZtHxB9MNBBNcyy+isNBXrsFeinXGjwNAauvKVmGlfRas5VJWC/mhzIx7spR2gFvWxvg==
  dependencies:
    binpack "~0"
